version = 1
revision = 3
requires-python = ">=3.13"

[[package]]
name = "temel"
version = "1.0.0"
source = { virtual = "." }
dependencies = [
    { name = "workers-runtime-sdk" },
]

[package.metadata]
requires-dist = [{ name = "workers-runtime-sdk" }]

[[package]]
name = "workers-runtime-sdk"
version = "1.6.2"
source = { registry = "https://pypi.org/simple" }
sdist = { url = "https://files.pythonhosted.org/packages/34/d8/c6d4833f80eca805d25549903eb0405cfa5afaf8f5985bccec2f0619c4f6/workers_runtime_sdk-1.6.2.tar.gz", hash = "sha256:668905416c072446e318b328f5b12b56177eacb86817f5fcc14644b4bc17f9d0", size = 43191, upload-time = "2026-07-09T20:29:46.928Z" }
wheels = [
    { url = "https://files.pythonhosted.org/packages/81/d7/d2c561d5ce144cd5a33ec6d75fb8b351b574b089fd4047ba853e7fa4410a/workers_runtime_sdk-1.6.2-py3-none-any.whl", hash = "sha256:8ce2c96347965540d7ccf2f83418729c29f23d25e2b9bafbce2b3b88d6ad28f3", size = 32247, upload-time = "2026-07-09T20:29:45.855Z" },
]
